
Microsoft Visual Studio Solution File, Format Version 12.00
# Visual Studio 14
VisualStudioVersion = 14.0.24720.0
MinimumVisualStudioVersion = 10.0.40219.1
Project("{FAE04EC0-301F-11D3-BF4B-00C04F79EFBC}") = "PortalWebAPIApp.Droid", "PortalWebAPIApp\PortalWebAPIApp.Droid\PortalWebAPIApp.Droid.csproj", "{FE12DA86-D905-4D3D-A264-655AD6DD63B3}"
EndProject
Project("{FAE04EC0-301F-11D3-BF4B-00C04F79EFBC}") = "PortalWebAPIApp.iOS", "PortalWebAPIApp\PortalWebAPIApp.iOS\PortalWebAPIApp.iOS.csproj", "{1A53BA87-D8AB-40D1-A2B1-3E04F311DCE3}"
EndProject
Project("{FAE04EC0-301F-11D3-BF4B-00C04F79EFBC}") = "PortalWebAPIApp.UWP", "PortalWebAPIApp\PortalWebAPIApp.UWP\PortalWebAPIApp.UWP.csproj", "{5E9F46C5-ADB9-47A1-B51F-7C52F98B8C48}"
EndProject
Project("{FAE04EC0-301F-11D3-BF4B-00C04F79EFBC}") = "PortalWebAPIApp.Windows", "PortalWebAPIApp\PortalWebAPIApp.Windows\PortalWebAPIApp.Windows.csproj", "{C94B9058-8B50-46ED-8A7B-6F1ADE609D89}"
EndProject
Project("{FAE04EC0-301F-11D3-BF4B-00C04F79EFBC}") = "PortalWebAPIApp", "PortalWebAPIApp\PortalWebAPIApp\PortalWebAPIApp.csproj", "{8859D795-645F-419B-BFDB-B013EC083F42}"
EndProject
Global
	GlobalSection(SolutionConfigurationPlatforms) = preSolution
		Ad-Hoc|Any CPU = Ad-Hoc|Any CPU
		Ad-Hoc|ARM = Ad-Hoc|ARM
		Ad-Hoc|iPhone = Ad-Hoc|iPhone
		Ad-Hoc|iPhoneSimulator = Ad-Hoc|iPhoneSimulator
		Ad-Hoc|x64 = Ad-Hoc|x64
		Ad-Hoc|x86 = Ad-Hoc|x86
		AppStore|Any CPU = AppStore|Any CPU
		AppStore|ARM = AppStore|ARM
		AppStore|iPhone = AppStore|iPhone
		AppStore|iPhoneSimulator = AppStore|iPhoneSimulator
		AppStore|x64 = AppStore|x64
		AppStore|x86 = AppStore|x86
		Debug|Any CPU = Debug|Any CPU
		Debug|ARM = Debug|ARM
		Debug|iPhone = Debug|iPhone
		Debug|iPhoneSimulator = Debug|iPhoneSimulator
		Debug|x64 = Debug|x64
		Debug|x86 = Debug|x86
		Release|Any CPU = Release|Any CPU
		Release|ARM = Release|ARM
		Release|iPhone = Release|iPhone
		Release|iPhoneSimulator = Release|iPhoneSimulator
		Release|x64 = Release|x64
		Release|x86 = Release|x86
	EndGlobalSection
	GlobalSection(ProjectConfigurationPlatforms) = postSolution
		{FE12DA86-D905-4D3D-A264-655AD6DD63B3}.Ad-Hoc|Any CPU.ActiveCfg = Release|Any CPU
		{FE12DA86-D905-4D3D-A264-655AD6DD63B3}.Ad-Hoc|Any CPU.Build.0 = Release|Any CPU
		{FE12DA86-D905-4D3D-A264-655AD6DD63B3}.Ad-Hoc|Any CPU.Deploy.0 = Release|Any CPU
		{FE12DA86-D905-4D3D-A264-655AD6DD63B3}.Ad-Hoc|ARM.ActiveCfg = Release|Any CPU
		{FE12DA86-D905-4D3D-A264-655AD6DD63B3}.Ad-Hoc|ARM.Build.0 = Release|Any CPU
		{FE12DA86-D905-4D3D-A264-655AD6DD63B3}.Ad-Hoc|ARM.Deploy.0 = Release|Any CPU
		{FE12DA86-D905-4D3D-A264-655AD6DD63B3}.Ad-Hoc|iPhone.ActiveCfg = Release|Any CPU
		{FE12DA86-D905-4D3D-A264-655AD6DD63B3}.Ad-Hoc|iPhone.Build.0 = Release|Any CPU
		{FE12DA86-D905-4D3D-A264-655AD6DD63B3}.Ad-Hoc|iPhone.Deploy.0 = Release|Any CPU
		{FE12DA86-D905-4D3D-A264-655AD6DD63B3}.Ad-Hoc|iPhoneSimulator.ActiveCfg = Release|Any CPU
		{FE12DA86-D905-4D3D-A264-655AD6DD63B3}.Ad-Hoc|iPhoneSimulator.Build.0 = Release|Any CPU
		{FE12DA86-D905-4D3D-A264-655AD6DD63B3}.Ad-Hoc|iPhoneSimulator.Deploy.0 = Release|Any CPU
		{FE12DA86-D905-4D3D-A264-655AD6DD63B3}.Ad-Hoc|x64.ActiveCfg = Release|Any CPU
		{FE12DA86-D905-4D3D-A264-655AD6DD63B3}.Ad-Hoc|x64.Build.0 = Release|Any CPU
		{FE12DA86-D905-4D3D-A264-655AD6DD63B3}.Ad-Hoc|x64.Deploy.0 = Release|Any CPU
		{FE12DA86-D905-4D3D-A264-655AD6DD63B3}.Ad-Hoc|x86.ActiveCfg = Release|Any CPU
		{FE12DA86-D905-4D3D-A264-655AD6DD63B3}.Ad-Hoc|x86.Build.0 = Release|Any CPU
		{FE12DA86-D905-4D3D-A264-655AD6DD63B3}.Ad-Hoc|x86.Deploy.0 = Release|Any CPU
		{FE12DA86-D905-4D3D-A264-655AD6DD63B3}.AppStore|Any CPU.ActiveCfg = Release|Any CPU
		{FE12DA86-D905-4D3D-A264-655AD6DD63B3}.AppStore|Any CPU.Build.0 = Release|Any CPU
		{FE12DA86-D905-4D3D-A264-655AD6DD63B3}.AppStore|Any CPU.Deploy.0 = Release|Any CPU
		{FE12DA86-D905-4D3D-A264-655AD6DD63B3}.AppStore|ARM.ActiveCfg = Release|Any CPU
		{FE12DA86-D905-4D3D-A264-655AD6DD63B3}.AppStore|ARM.Build.0 = Release|Any CPU
		{FE12DA86-D905-4D3D-A264-655AD6DD63B3}.AppStore|ARM.Deploy.0 = Release|Any CPU
		{FE12DA86-D905-4D3D-A264-655AD6DD63B3}.AppStore|iPhone.ActiveCfg = Release|Any CPU
		{FE12DA86-D905-4D3D-A264-655AD6DD63B3}.AppStore|iPhone.Build.0 = Release|Any CPU
		{FE12DA86-D905-4D3D-A264-655AD6DD63B3}.AppStore|iPhone.Deploy.0 = Release|Any CPU
		{FE12DA86-D905-4D3D-A264-655AD6DD63B3}.AppStore|iPhoneSimulator.ActiveCfg = Release|Any CPU
		{FE12DA86-D905-4D3D-A264-655AD6DD63B3}.AppStore|iPhoneSimulator.Build.0 = Release|Any CPU
		{FE12DA86-D905-4D3D-A264-655AD6DD63B3}.AppStore|iPhoneSimulator.Deploy.0 = Release|Any CPU
		{FE12DA86-D905-4D3D-A264-655AD6DD63B3}.AppStore|x64.ActiveCfg = Release|Any CPU
		{FE12DA86-D905-4D3D-A264-655AD6DD63B3}.AppStore|x64.Build.0 = Release|Any CPU
		{FE12DA86-D905-4D3D-A264-655AD6DD63B3}.AppStore|x64.Deploy.0 = Release|Any CPU
		{FE12DA86-D905-4D3D-A264-655AD6DD63B3}.AppStore|x86.ActiveCfg = Release|Any CPU
		{FE12DA86-D905-4D3D-A264-655AD6DD63B3}.AppStore|x86.Build.0 = Release|Any CPU
		{FE12DA86-D905-4D3D-A264-655AD6DD63B3}.AppStore|x86.Deploy.0 = Release|Any CPU
		{FE12DA86-D905-4D3D-A264-655AD6DD63B3}.Debug|Any CPU.ActiveCfg = Debug|Any CPU
		{FE12DA86-D905-4D3D-A264-655AD6DD63B3}.Debug|Any CPU.Build.0 = Debug|Any CPU
		{FE12DA86-D905-4D3D-A264-655AD6DD63B3}.Debug|Any CPU.Deploy.0 = Debug|Any CPU
		{FE12DA86-D905-4D3D-A264-655AD6DD63B3}.Debug|ARM.ActiveCfg = Debug|Any CPU
		{FE12DA86-D905-4D3D-A264-655AD6DD63B3}.Debug|ARM.Build.0 = Debug|Any CPU
		{FE12DA86-D905-4D3D-A264-655AD6DD63B3}.Debug|ARM.Deploy.0 = Debug|Any CPU
		{FE12DA86-D905-4D3D-A264-655AD6DD63B3}.Debug|iPhone.ActiveCfg = Debug|Any CPU
		{FE12DA86-D905-4D3D-A264-655AD6DD63B3}.Debug|iPhone.Build.0 = Debug|Any CPU
		{FE12DA86-D905-4D3D-A264-655AD6DD63B3}.Debug|iPhone.Deploy.0 = Debug|Any CPU
		{FE12DA86-D905-4D3D-A264-655AD6DD63B3}.Debug|iPhoneSimulator.ActiveCfg = Debug|Any CPU
		{FE12DA86-D905-4D3D-A264-655AD6DD63B3}.Debug|iPhoneSimulator.Build.0 = Debug|Any CPU
		{FE12DA86-D905-4D3D-A264-655AD6DD63B3}.Debug|iPhoneSimulator.Deploy.0 = Debug|Any CPU
		{FE12DA86-D905-4D3D-A264-655AD6DD63B3}.Debug|x64.ActiveCfg = Debug|Any CPU
		{FE12DA86-D905-4D3D-A264-655AD6DD63B3}.Debug|x64.Build.0 = Debug|Any CPU
		{FE12DA86-D905-4D3D-A264-655AD6DD63B3}.Debug|x64.Deploy.0 = Debug|Any CPU
		{FE12DA86-D905-4D3D-A264-655AD6DD63B3}.Debug|x86.ActiveCfg = Debug|Any CPU
		{FE12DA86-D905-4D3D-A264-655AD6DD63B3}.Debug|x86.Build.0 = Debug|Any CPU
		{FE12DA86-D905-4D3D-A264-655AD6DD63B3}.Debug|x86.Deploy.0 = Debug|Any CPU
		{FE12DA86-D905-4D3D-A264-655AD6DD63B3}.Release|Any CPU.ActiveCfg = Release|Any CPU
		{FE12DA86-D905-4D3D-A264-655AD6DD63B3}.Release|Any CPU.Build.0 = Release|Any CPU
		{FE12DA86-D905-4D3D-A264-655AD6DD63B3}.Release|Any CPU.Deploy.0 = Release|Any CPU
		{FE12DA86-D905-4D3D-A264-655AD6DD63B3}.Release|ARM.ActiveCfg = Release|Any CPU
		{FE12DA86-D905-4D3D-A264-655AD6DD63B3}.Release|ARM.Build.0 = Release|Any CPU
		{FE12DA86-D905-4D3D-A264-655AD6DD63B3}.Release|ARM.Deploy.0 = Release|Any CPU
		{FE12DA86-D905-4D3D-A264-655AD6DD63B3}.Release|iPhone.ActiveCfg = Release|Any CPU
		{FE12DA86-D905-4D3D-A264-655AD6DD63B3}.Release|iPhone.Build.0 = Release|Any CPU
		{FE12DA86-D905-4D3D-A264-655AD6DD63B3}.Release|iPhone.Deploy.0 = Release|Any CPU
		{FE12DA86-D905-4D3D-A264-655AD6DD63B3}.Release|iPhoneSimulator.ActiveCfg = Release|Any CPU
		{FE12DA86-D905-4D3D-A264-655AD6DD63B3}.Release|iPhoneSimulator.Build.0 = Release|Any CPU
		{FE12DA86-D905-4D3D-A264-655AD6DD63B3}.Release|iPhoneSimulator.Deploy.0 = Release|Any CPU
		{FE12DA86-D905-4D3D-A264-655AD6DD63B3}.Release|x64.ActiveCfg = Release|Any CPU
		{FE12DA86-D905-4D3D-A264-655AD6DD63B3}.Release|x64.Build.0 = Release|Any CPU
		{FE12DA86-D905-4D3D-A264-655AD6DD63B3}.Release|x64.Deploy.0 = Release|Any CPU
		{FE12DA86-D905-4D3D-A264-655AD6DD63B3}.Release|x86.ActiveCfg = Release|Any CPU
		{FE12DA86-D905-4D3D-A264-655AD6DD63B3}.Release|x86.Build.0 = Release|Any CPU
		{FE12DA86-D905-4D3D-A264-655AD6DD63B3}.Release|x86.Deploy.0 = Release|Any CPU
		{1A53BA87-D8AB-40D1-A2B1-3E04F311DCE3}.Ad-Hoc|Any CPU.ActiveCfg = Ad-Hoc|iPhone
		{1A53BA87-D8AB-40D1-A2B1-3E04F311DCE3}.Ad-Hoc|ARM.ActiveCfg = Ad-Hoc|iPhone
		{1A53BA87-D8AB-40D1-A2B1-3E04F311DCE3}.Ad-Hoc|iPhone.ActiveCfg = Ad-Hoc|iPhone
		{1A53BA87-D8AB-40D1-A2B1-3E04F311DCE3}.Ad-Hoc|iPhone.Build.0 = Ad-Hoc|iPhone
		{1A53BA87-D8AB-40D1-A2B1-3E04F311DCE3}.Ad-Hoc|iPhoneSimulator.ActiveCfg = Ad-Hoc|iPhoneSimulator
		{1A53BA87-D8AB-40D1-A2B1-3E04F311DCE3}.Ad-Hoc|iPhoneSimulator.Build.0 = Ad-Hoc|iPhoneSimulator
		{1A53BA87-D8AB-40D1-A2B1-3E04F311DCE3}.Ad-Hoc|x64.ActiveCfg = Ad-Hoc|iPhone
		{1A53BA87-D8AB-40D1-A2B1-3E04F311DCE3}.Ad-Hoc|x86.ActiveCfg = Ad-Hoc|iPhone
		{1A53BA87-D8AB-40D1-A2B1-3E04F311DCE3}.AppStore|Any CPU.ActiveCfg = AppStore|iPhone
		{1A53BA87-D8AB-40D1-A2B1-3E04F311DCE3}.AppStore|ARM.ActiveCfg = AppStore|iPhone
		{1A53BA87-D8AB-40D1-A2B1-3E04F311DCE3}.AppStore|iPhone.ActiveCfg = AppStore|iPhone
		{1A53BA87-D8AB-40D1-A2B1-3E04F311DCE3}.AppStore|iPhone.Build.0 = AppStore|iPhone
		{1A53BA87-D8AB-40D1-A2B1-3E04F311DCE3}.AppStore|iPhoneSimulator.ActiveCfg = AppStore|iPhoneSimulator
		{1A53BA87-D8AB-40D1-A2B1-3E04F311DCE3}.AppStore|iPhoneSimulator.Build.0 = AppStore|iPhoneSimulator
		{1A53BA87-D8AB-40D1-A2B1-3E04F311DCE3}.AppStore|x64.ActiveCfg = AppStore|iPhone
		{1A53BA87-D8AB-40D1-A2B1-3E04F311DCE3}.AppStore|x86.ActiveCfg = AppStore|iPhone
		{1A53BA87-D8AB-40D1-A2B1-3E04F311DCE3}.Debug|Any CPU.ActiveCfg = Debug|iPhone
		{1A53BA87-D8AB-40D1-A2B1-3E04F311DCE3}.Debug|ARM.ActiveCfg = Debug|iPhone
		{1A53BA87-D8AB-40D1-A2B1-3E04F311DCE3}.Debug|iPhone.ActiveCfg = Debug|iPhone
		{1A53BA87-D8AB-40D1-A2B1-3E04F311DCE3}.Debug|iPhone.Build.0 = Debug|iPhone
		{1A53BA87-D8AB-40D1-A2B1-3E04F311DCE3}.Debug|iPhoneSimulator.ActiveCfg = Debug|iPhoneSimulator
		{1A53BA87-D8AB-40D1-A2B1-3E04F311DCE3}.Debug|iPhoneSimulator.Build.0 = Debug|iPhoneSimulator
		{1A53BA87-D8AB-40D1-A2B1-3E04F311DCE3}.Debug|x64.ActiveCfg = Debug|iPhone
		{1A53BA87-D8AB-40D1-A2B1-3E04F311DCE3}.Debug|x86.ActiveCfg = Debug|iPhone
		{1A53BA87-D8AB-40D1-A2B1-3E04F311DCE3}.Release|Any CPU.ActiveCfg = Release|iPhone
		{1A53BA87-D8AB-40D1-A2B1-3E04F311DCE3}.Release|ARM.ActiveCfg = Release|iPhone
		{1A53BA87-D8AB-40D1-A2B1-3E04F311DCE3}.Release|iPhone.ActiveCfg = Release|iPhone
		{1A53BA87-D8AB-40D1-A2B1-3E04F311DCE3}.Release|iPhone.Build.0 = Release|iPhone
		{1A53BA87-D8AB-40D1-A2B1-3E04F311DCE3}.Release|iPhoneSimulator.ActiveCfg = Release|iPhoneSimulator
		{1A53BA87-D8AB-40D1-A2B1-3E04F311DCE3}.Release|iPhoneSimulator.Build.0 = Release|iPhoneSimulator
		{1A53BA87-D8AB-40D1-A2B1-3E04F311DCE3}.Release|x64.ActiveCfg = Release|iPhone
		{1A53BA87-D8AB-40D1-A2B1-3E04F311DCE3}.Release|x86.ActiveCfg = Release|iPhone
		{5E9F46C5-ADB9-47A1-B51F-7C52F98B8C48}.Ad-Hoc|Any CPU.ActiveCfg = Release|x86
		{5E9F46C5-ADB9-47A1-B51F-7C52F98B8C48}.Ad-Hoc|Any CPU.Build.0 = Release|x86
		{5E9F46C5-ADB9-47A1-B51F-7C52F98B8C48}.Ad-Hoc|Any CPU.Deploy.0 = Release|x86
		{5E9F46C5-ADB9-47A1-B51F-7C52F98B8C48}.Ad-Hoc|ARM.ActiveCfg = Release|ARM
		{5E9F46C5-ADB9-47A1-B51F-7C52F98B8C48}.Ad-Hoc|ARM.Build.0 = Release|ARM
		{5E9F46C5-ADB9-47A1-B51F-7C52F98B8C48}.Ad-Hoc|ARM.Deploy.0 = Release|ARM
		{5E9F46C5-ADB9-47A1-B51F-7C52F98B8C48}.Ad-Hoc|iPhone.ActiveCfg = Release|x86
		{5E9F46C5-ADB9-47A1-B51F-7C52F98B8C48}.Ad-Hoc|iPhone.Build.0 = Release|x86
		{5E9F46C5-ADB9-47A1-B51F-7C52F98B8C48}.Ad-Hoc|iPhone.Deploy.0 = Release|x86
		{5E9F46C5-ADB9-47A1-B51F-7C52F98B8C48}.Ad-Hoc|iPhoneSimulator.ActiveCfg = Release|x86
		{5E9F46C5-ADB9-47A1-B51F-7C52F98B8C48}.Ad-Hoc|iPhoneSimulator.Build.0 = Release|x86
		{5E9F46C5-ADB9-47A1-B51F-7C52F98B8C48}.Ad-Hoc|iPhoneSimulator.Deploy.0 = Release|x86
		{5E9F46C5-ADB9-47A1-B51F-7C52F98B8C48}.Ad-Hoc|x64.ActiveCfg = Release|x64
		{5E9F46C5-ADB9-47A1-B51F-7C52F98B8C48}.Ad-Hoc|x64.Build.0 = Release|x64
		{5E9F46C5-ADB9-47A1-B51F-7C52F98B8C48}.Ad-Hoc|x64.Deploy.0 = Release|x64
		{5E9F46C5-ADB9-47A1-B51F-7C52F98B8C48}.Ad-Hoc|x86.ActiveCfg = Release|x86
		{5E9F46C5-ADB9-47A1-B51F-7C52F98B8C48}.Ad-Hoc|x86.Build.0 = Release|x86
		{5E9F46C5-ADB9-47A1-B51F-7C52F98B8C48}.Ad-Hoc|x86.Deploy.0 = Release|x86
		{5E9F46C5-ADB9-47A1-B51F-7C52F98B8C48}.AppStore|Any CPU.ActiveCfg = Release|x86
		{5E9F46C5-ADB9-47A1-B51F-7C52F98B8C48}.AppStore|Any CPU.Build.0 = Release|x86
		{5E9F46C5-ADB9-47A1-B51F-7C52F98B8C48}.AppStore|Any CPU.Deploy.0 = Release|x86
		{5E9F46C5-ADB9-47A1-B51F-7C52F98B8C48}.AppStore|ARM.ActiveCfg = Release|ARM
		{5E9F46C5-ADB9-47A1-B51F-7C52F98B8C48}.AppStore|ARM.Build.0 = Release|ARM
		{5E9F46C5-ADB9-47A1-B51F-7C52F98B8C48}.AppStore|ARM.Deploy.0 = Release|ARM
		{5E9F46C5-ADB9-47A1-B51F-7C52F98B8C48}.AppStore|iPhone.ActiveCfg = Release|x86
		{5E9F46C5-ADB9-47A1-B51F-7C52F98B8C48}.AppStore|iPhone.Build.0 = Release|x86
		{5E9F46C5-ADB9-47A1-B51F-7C52F98B8C48}.AppStore|iPhone.Deploy.0 = Release|x86
		{5E9F46C5-ADB9-47A1-B51F-7C52F98B8C48}.AppStore|iPhoneSimulator.ActiveCfg = Release|x86
		{5E9F46C5-ADB9-47A1-B51F-7C52F98B8C48}.AppStore|iPhoneSimulator.Build.0 = Release|x86
		{5E9F46C5-ADB9-47A1-B51F-7C52F98B8C48}.AppStore|iPhoneSimulator.Deploy.0 = Release|x86
		{5E9F46C5-ADB9-47A1-B51F-7C52F98B8C48}.AppStore|x64.ActiveCfg = Release|x64
		{5E9F46C5-ADB9-47A1-B51F-7C52F98B8C48}.AppStore|x64.Build.0 = Release|x64
		{5E9F46C5-ADB9-47A1-B51F-7C52F98B8C48}.AppStore|x64.Deploy.0 = Release|x64
		{5E9F46C5-ADB9-47A1-B51F-7C52F98B8C48}.AppStore|x86.ActiveCfg = Release|x86
		{5E9F46C5-ADB9-47A1-B51F-7C52F98B8C48}.AppStore|x86.Build.0 = Release|x86
		{5E9F46C5-ADB9-47A1-B51F-7C52F98B8C48}.AppStore|x86.Deploy.0 = Release|x86
		{5E9F46C5-ADB9-47A1-B51F-7C52F98B8C48}.Debug|Any CPU.ActiveCfg = Debug|x86
		{5E9F46C5-ADB9-47A1-B51F-7C52F98B8C48}.Debug|ARM.ActiveCfg = Debug|ARM
		{5E9F46C5-ADB9-47A1-B51F-7C52F98B8C48}.Debug|ARM.Build.0 = Debug|ARM
		{5E9F46C5-ADB9-47A1-B51F-7C52F98B8C48}.Debug|ARM.Deploy.0 = Debug|ARM
		{5E9F46C5-ADB9-47A1-B51F-7C52F98B8C48}.Debug|iPhone.ActiveCfg = Debug|x86
		{5E9F46C5-ADB9-47A1-B51F-7C52F98B8C48}.Debug|iPhoneSimulator.ActiveCfg = Debug|x86
		{5E9F46C5-ADB9-47A1-B51F-7C52F98B8C48}.Debug|x64.ActiveCfg = Debug|x64
		{5E9F46C5-ADB9-47A1-B51F-7C52F98B8C48}.Debug|x64.Build.0 = Debug|x64
		{5E9F46C5-ADB9-47A1-B51F-7C52F98B8C48}.Debug|x64.Deploy.0 = Debug|x64
		{5E9F46C5-ADB9-47A1-B51F-7C52F98B8C48}.Debug|x86.ActiveCfg = Debug|x86
		{5E9F46C5-ADB9-47A1-B51F-7C52F98B8C48}.Debug|x86.Build.0 = Debug|x86
		{5E9F46C5-ADB9-47A1-B51F-7C52F98B8C48}.Debug|x86.Deploy.0 = Debug|x86
		{5E9F46C5-ADB9-47A1-B51F-7C52F98B8C48}.Release|Any CPU.ActiveCfg = Release|x86
		{5E9F46C5-ADB9-47A1-B51F-7C52F98B8C48}.Release|ARM.ActiveCfg = Release|ARM
		{5E9F46C5-ADB9-47A1-B51F-7C52F98B8C48}.Release|ARM.Build.0 = Release|ARM
		{5E9F46C5-ADB9-47A1-B51F-7C52F98B8C48}.Release|ARM.Deploy.0 = Release|ARM
		{5E9F46C5-ADB9-47A1-B51F-7C52F98B8C48}.Release|iPhone.ActiveCfg = Release|x86
		{5E9F46C5-ADB9-47A1-B51F-7C52F98B8C48}.Release|iPhoneSimulator.ActiveCfg = Release|x86
		{5E9F46C5-ADB9-47A1-B51F-7C52F98B8C48}.Release|x64.ActiveCfg = Release|x64
		{5E9F46C5-ADB9-47A1-B51F-7C52F98B8C48}.Release|x64.Build.0 = Release|x64
		{5E9F46C5-ADB9-47A1-B51F-7C52F98B8C48}.Release|x64.Deploy.0 = Release|x64
		{5E9F46C5-ADB9-47A1-B51F-7C52F98B8C48}.Release|x86.ActiveCfg = Release|x86
		{5E9F46C5-ADB9-47A1-B51F-7C52F98B8C48}.Release|x86.Build.0 = Release|x86
		{5E9F46C5-ADB9-47A1-B51F-7C52F98B8C48}.Release|x86.Deploy.0 = Release|x86
		{C94B9058-8B50-46ED-8A7B-6F1ADE609D89}.Ad-Hoc|Any CPU.ActiveCfg = Release|Any CPU
		{C94B9058-8B50-46ED-8A7B-6F1ADE609D89}.Ad-Hoc|Any CPU.Build.0 = Release|Any CPU
		{C94B9058-8B50-46ED-8A7B-6F1ADE609D89}.Ad-Hoc|ARM.ActiveCfg = Release|ARM
		{C94B9058-8B50-46ED-8A7B-6F1ADE609D89}.Ad-Hoc|ARM.Build.0 = Release|ARM
		{C94B9058-8B50-46ED-8A7B-6F1ADE609D89}.Ad-Hoc|iPhone.ActiveCfg = Release|Any CPU
		{C94B9058-8B50-46ED-8A7B-6F1ADE609D89}.Ad-Hoc|iPhone.Build.0 = Release|Any CPU
		{C94B9058-8B50-46ED-8A7B-6F1ADE609D89}.Ad-Hoc|iPhoneSimulator.ActiveCfg = Release|Any CPU
		{C94B9058-8B50-46ED-8A7B-6F1ADE609D89}.Ad-Hoc|iPhoneSimulator.Build.0 = Release|Any CPU
		{C94B9058-8B50-46ED-8A7B-6F1ADE609D89}.Ad-Hoc|x64.ActiveCfg = Release|x64
		{C94B9058-8B50-46ED-8A7B-6F1ADE609D89}.Ad-Hoc|x64.Build.0 = Release|x64
		{C94B9058-8B50-46ED-8A7B-6F1ADE609D89}.Ad-Hoc|x86.ActiveCfg = Release|x86
		{C94B9058-8B50-46ED-8A7B-6F1ADE609D89}.Ad-Hoc|x86.Build.0 = Release|x86
		{C94B9058-8B50-46ED-8A7B-6F1ADE609D89}.AppStore|Any CPU.ActiveCfg = Release|Any CPU
		{C94B9058-8B50-46ED-8A7B-6F1ADE609D89}.AppStore|Any CPU.Build.0 = Release|Any CPU
		{C94B9058-8B50-46ED-8A7B-6F1ADE609D89}.AppStore|ARM.ActiveCfg = Release|ARM
		{C94B9058-8B50-46ED-8A7B-6F1ADE609D89}.AppStore|ARM.Build.0 = Release|ARM
		{C94B9058-8B50-46ED-8A7B-6F1ADE609D89}.AppStore|iPhone.ActiveCfg = Release|Any CPU
		{C94B9058-8B50-46ED-8A7B-6F1ADE609D89}.AppStore|iPhone.Build.0 = Release|Any CPU
		{C94B9058-8B50-46ED-8A7B-6F1ADE609D89}.AppStore|iPhoneSimulator.ActiveCfg = Release|Any CPU
		{C94B9058-8B50-46ED-8A7B-6F1ADE609D89}.AppStore|iPhoneSimulator.Build.0 = Release|Any CPU
		{C94B9058-8B50-46ED-8A7B-6F1ADE609D89}.AppStore|x64.ActiveCfg = Release|x64
		{C94B9058-8B50-46ED-8A7B-6F1ADE609D89}.AppStore|x64.Build.0 = Release|x64
		{C94B9058-8B50-46ED-8A7B-6F1ADE609D89}.AppStore|x86.ActiveCfg = Release|x86
		{C94B9058-8B50-46ED-8A7B-6F1ADE609D89}.AppStore|x86.Build.0 = Release|x86
		{C94B9058-8B50-46ED-8A7B-6F1ADE609D89}.Debug|Any CPU.ActiveCfg = Debug|Any CPU
		{C94B9058-8B50-46ED-8A7B-6F1ADE609D89}.Debug|Any CPU.Build.0 = Debug|Any CPU
		{C94B9058-8B50-46ED-8A7B-6F1ADE609D89}.Debug|ARM.ActiveCfg = Debug|ARM
		{C94B9058-8B50-46ED-8A7B-6F1ADE609D89}.Debug|ARM.Build.0 = Debug|ARM
		{C94B9058-8B50-46ED-8A7B-6F1ADE609D89}.Debug|iPhone.ActiveCfg = Debug|Any CPU
		{C94B9058-8B50-46ED-8A7B-6F1ADE609D89}.Debug|iPhone.Build.0 = Debug|Any CPU
		{C94B9058-8B50-46ED-8A7B-6F1ADE609D89}.Debug|iPhoneSimulator.ActiveCfg = Debug|Any CPU
		{C94B9058-8B50-46ED-8A7B-6F1ADE609D89}.Debug|iPhoneSimulator.Build.0 = Debug|Any CPU
		{C94B9058-8B50-46ED-8A7B-6F1ADE609D89}.Debug|x64.ActiveCfg = Debug|x64
		{C94B9058-8B50-46ED-8A7B-6F1ADE609D89}.Debug|x64.Build.0 = Debug|x64
		{C94B9058-8B50-46ED-8A7B-6F1ADE609D89}.Debug|x86.ActiveCfg = Debug|x86
		{C94B9058-8B50-46ED-8A7B-6F1ADE609D89}.Debug|x86.Build.0 = Debug|x86
		{C94B9058-8B50-46ED-8A7B-6F1ADE609D89}.Release|Any CPU.ActiveCfg = Release|Any CPU
		{C94B9058-8B50-46ED-8A7B-6F1ADE609D89}.Release|Any CPU.Build.0 = Release|Any CPU
		{C94B9058-8B50-46ED-8A7B-6F1ADE609D89}.Release|ARM.ActiveCfg = Release|ARM
		{C94B9058-8B50-46ED-8A7B-6F1ADE609D89}.Release|ARM.Build.0 = Release|ARM
		{C94B9058-8B50-46ED-8A7B-6F1ADE609D89}.Release|iPhone.ActiveCfg = Release|Any CPU
		{C94B9058-8B50-46ED-8A7B-6F1ADE609D89}.Release|iPhone.Build.0 = Release|Any CPU
		{C94B9058-8B50-46ED-8A7B-6F1ADE609D89}.Release|iPhoneSimulator.ActiveCfg = Release|Any CPU
		{C94B9058-8B50-46ED-8A7B-6F1ADE609D89}.Release|iPhoneSimulator.Build.0 = Release|Any CPU
		{C94B9058-8B50-46ED-8A7B-6F1ADE609D89}.Release|x64.ActiveCfg = Release|x64
		{C94B9058-8B50-46ED-8A7B-6F1ADE609D89}.Release|x64.Build.0 = Release|x64
		{C94B9058-8B50-46ED-8A7B-6F1ADE609D89}.Release|x86.ActiveCfg = Release|x86
		{C94B9058-8B50-46ED-8A7B-6F1ADE609D89}.Release|x86.Build.0 = Release|x86
		{8859D795-645F-419B-BFDB-B013EC083F42}.Ad-Hoc|Any CPU.ActiveCfg = Release|Any CPU
		{8859D795-645F-419B-BFDB-B013EC083F42}.Ad-Hoc|Any CPU.Build.0 = Release|Any CPU
		{8859D795-645F-419B-BFDB-B013EC083F42}.Ad-Hoc|ARM.ActiveCfg = Release|Any CPU
		{8859D795-645F-419B-BFDB-B013EC083F42}.Ad-Hoc|ARM.Build.0 = Release|Any CPU
		{8859D795-645F-419B-BFDB-B013EC083F42}.Ad-Hoc|iPhone.ActiveCfg = Release|Any CPU
		{8859D795-645F-419B-BFDB-B013EC083F42}.Ad-Hoc|iPhone.Build.0 = Release|Any CPU
		{8859D795-645F-419B-BFDB-B013EC083F42}.Ad-Hoc|iPhoneSimulator.ActiveCfg = Release|Any CPU
		{8859D795-645F-419B-BFDB-B013EC083F42}.Ad-Hoc|iPhoneSimulator.Build.0 = Release|Any CPU
		{8859D795-645F-419B-BFDB-B013EC083F42}.Ad-Hoc|x64.ActiveCfg = Release|Any CPU
		{8859D795-645F-419B-BFDB-B013EC083F42}.Ad-Hoc|x64.Build.0 = Release|Any CPU
		{8859D795-645F-419B-BFDB-B013EC083F42}.Ad-Hoc|x86.ActiveCfg = Release|Any CPU
		{8859D795-645F-419B-BFDB-B013EC083F42}.Ad-Hoc|x86.Build.0 = Release|Any CPU
		{8859D795-645F-419B-BFDB-B013EC083F42}.AppStore|Any CPU.ActiveCfg = Release|Any CPU
		{8859D795-645F-419B-BFDB-B013EC083F42}.AppStore|Any CPU.Build.0 = Release|Any CPU
		{8859D795-645F-419B-BFDB-B013EC083F42}.AppStore|ARM.ActiveCfg = Release|Any CPU
		{8859D795-645F-419B-BFDB-B013EC083F42}.AppStore|ARM.Build.0 = Release|Any CPU
		{8859D795-645F-419B-BFDB-B013EC083F42}.AppStore|iPhone.ActiveCfg = Release|Any CPU
		{8859D795-645F-419B-BFDB-B013EC083F42}.AppStore|iPhone.Build.0 = Release|Any CPU
		{8859D795-645F-419B-BFDB-B013EC083F42}.AppStore|iPhoneSimulator.ActiveCfg = Release|Any CPU
		{8859D795-645F-419B-BFDB-B013EC083F42}.AppStore|iPhoneSimulator.Build.0 = Release|Any CPU
		{8859D795-645F-419B-BFDB-B013EC083F42}.AppStore|x64.ActiveCfg = Release|Any CPU
		{8859D795-645F-419B-BFDB-B013EC083F42}.AppStore|x64.Build.0 = Release|Any CPU
		{8859D795-645F-419B-BFDB-B013EC083F42}.AppStore|x86.ActiveCfg = Release|Any CPU
		{8859D795-645F-419B-BFDB-B013EC083F42}.AppStore|x86.Build.0 = Release|Any CPU
		{8859D795-645F-419B-BFDB-B013EC083F42}.Debug|Any CPU.ActiveCfg = Debug|Any CPU
		{8859D795-645F-419B-BFDB-B013EC083F42}.Debug|Any CPU.Build.0 = Debug|Any CPU
		{8859D795-645F-419B-BFDB-B013EC083F42}.Debug|ARM.ActiveCfg = Debug|Any CPU
		{8859D795-645F-419B-BFDB-B013EC083F42}.Debug|ARM.Build.0 = Debug|Any CPU
		{8859D795-645F-419B-BFDB-B013EC083F42}.Debug|iPhone.ActiveCfg = Debug|Any CPU
		{8859D795-645F-419B-BFDB-B013EC083F42}.Debug|iPhone.Build.0 = Debug|Any CPU
		{8859D795-645F-419B-BFDB-B013EC083F42}.Debug|iPhoneSimulator.ActiveCfg = Debug|Any CPU
		{8859D795-645F-419B-BFDB-B013EC083F42}.Debug|iPhoneSimulator.Build.0 = Debug|Any CPU
		{8859D795-645F-419B-BFDB-B013EC083F42}.Debug|x64.ActiveCfg = Debug|Any CPU
		{8859D795-645F-419B-BFDB-B013EC083F42}.Debug|x64.Build.0 = Debug|Any CPU
		{8859D795-645F-419B-BFDB-B013EC083F42}.Debug|x86.ActiveCfg = Debug|Any CPU
		{8859D795-645F-419B-BFDB-B013EC083F42}.Debug|x86.Build.0 = Debug|Any CPU
		{8859D795-645F-419B-BFDB-B013EC083F42}.Release|Any CPU.ActiveCfg = Release|Any CPU
		{8859D795-645F-419B-BFDB-B013EC083F42}.Release|Any CPU.Build.0 = Release|Any CPU
		{8859D795-645F-419B-BFDB-B013EC083F42}.Release|ARM.ActiveCfg = Release|Any CPU
		{8859D795-645F-419B-BFDB-B013EC083F42}.Release|ARM.Build.0 = Release|Any CPU
		{8859D795-645F-419B-BFDB-B013EC083F42}.Release|iPhone.ActiveCfg = Release|Any CPU
		{8859D795-645F-419B-BFDB-B013EC083F42}.Release|iPhone.Build.0 = Release|Any CPU
		{8859D795-645F-419B-BFDB-B013EC083F42}.Release|iPhoneSimulator.ActiveCfg = Release|Any CPU
		{8859D795-645F-419B-BFDB-B013EC083F42}.Release|iPhoneSimulator.Build.0 = Release|Any CPU
		{8859D795-645F-419B-BFDB-B013EC083F42}.Release|x64.ActiveCfg = Release|Any CPU
		{8859D795-645F-419B-BFDB-B013EC083F42}.Release|x64.Build.0 = Release|Any CPU
		{8859D795-645F-419B-BFDB-B013EC083F42}.Release|x86.ActiveCfg = Release|Any CPU
		{8859D795-645F-419B-BFDB-B013EC083F42}.Release|x86.Build.0 = Release|Any CPU
	EndGlobalSection
	GlobalSection(SolutionProperties) = preSolution
		HideSolutionNode = FALSE
	EndGlobalSection
EndGlobal
